// !$*UTF8*$!
{
	archiveVersion = 1;
	classes = {
	};
	objectVersion = 46;
	objects = {

/* Begin PBXBuildFile section */
		90C398C71DD6CA6300EFDD6E /* main.m in Sources */ = {isa = PBXBuildFile; fileRef = 90C398C61DD6CA6300EFDD6E /* main.m */; };
		90C398CA1DD6CA6300EFDD6E /* AppDelegate.m in Sources */ = {isa = PBXBuildFile; fileRef = 90C398C91DD6CA6300EFDD6E /* AppDelegate.m */; };
		90C398D21DD6CA6300EFDD6E /* Assets.xcassets in Resources */ = {isa = PBXBuildFile; fileRef = 90C398D11DD6CA6300EFDD6E /* Assets.xcassets */; };
		90C398E01DD6CA6300EFDD6E /* Meet_CMB_TeamTests.m in Sources */ = {isa = PBXBuildFile; fileRef = 90C398DF1DD6CA6300EFDD6E /* Meet_CMB_TeamTests.m */; };
		90C398EB1DD6CA6300EFDD6E /* Meet_CMB_TeamUITests.m in Sources */ = {isa = PBXBuildFile; fileRef = 90C398EA1DD6CA6300EFDD6E /* Meet_CMB_TeamUITests.m */; };
		90C398F91DD6CD3900EFDD6E /* team.json in Resources */ = {isa = PBXBuildFile; fileRef = 90C398F81DD6CD3900EFDD6E /* team.json */; };
		90C398FB1DD6CFFD00EFDD6E /* Launch Screen.storyboard in Resources */ = {isa = PBXBuildFile; fileRef = 90C398FA1DD6CFFD00EFDD6E /* Launch Screen.storyboard */; };
		90C398FE1DD6D0AC00EFDD6E /* MembersViewController.m in Sources */ = {isa = PBXBuildFile; fileRef = 90C398FD1DD6D0AC00EFDD6E /* MembersViewController.m */; };
		90C399001DD6D85700EFDD6E /* coffee-logos.png in Resources */ = {isa = PBXBuildFile; fileRef = 90C398FF1DD6D85700EFDD6E /* coffee-logos.png */; };
		90C399031DD6DF9D00EFDD6E /* DetailViewController.m in Sources */ = {isa = PBXBuildFile; fileRef = 90C399021DD6DF9D00EFDD6E /* DetailViewController.m */; };
		90C399061DD6DFFC00EFDD6E /* MemberViewCell.m in Sources */ = {isa = PBXBuildFile; fileRef = 90C399051DD6DFFC00EFDD6E /* MemberViewCell.m */; };
/* End PBXBuildFile section */

/* Begin PBXContainerItemProxy section */
		90C398DC1DD6CA6300EFDD6E /* PBXContainerItemProxy */ = {
			isa = PBXContainerItemProxy;
			containerPortal = 90C398BA1DD6CA6300EFDD6E /* Project object */;
			proxyType = 1;
			remoteGlobalIDString = 90C398C11DD6CA6300EFDD6E;
			remoteInfo = "Meet CMB Team";
		};
		90C398E71DD6CA6300EFDD6E /* PBXContainerItemProxy */ = {
			isa = PBXContainerItemProxy;
			containerPortal = 90C398BA1DD6CA6300EFDD6E /* Project object */;
			proxyType = 1;
			remoteGlobalIDString = 90C398C11DD6CA6300EFDD6E;
			remoteInfo = "Meet CMB Team";
		};
/* End PBXContainerItemProxy section */

/* Begin PBXFileReference section */
		90C398C21DD6CA6300EFDD6E /* Meet CMB Team.app */ = {isa = PBXFileReference; explicitFileType = wrapper.application; includeInIndex = 0; path = "Meet CMB Team.app"; sourceTree = BUILT_PRODUCTS_DIR; };
		90C398C61DD6CA6300EFDD6E /* main.m */ = {isa = PBXFileReference; lastKnownFileType = sourcecode.c.objc; path = main.m; sourceTree = "<group>"; };
		90C398C81DD6CA6300EFDD6E /* AppDelegate.h */ = {isa = PBXFileReference; lastKnownFileType = sourcecode.c.h; path = AppDelegate.h; sourceTree = "<group>"; };
		90C398C91DD6CA6300EFDD6E /* AppDelegate.m */ = {isa = PBXFileReference; lastKnownFileType = sourcecode.c.objc; path = AppDelegate.m; sourceTree = "<group>"; };
		90C398D11DD6CA6300EFDD6E /* Assets.xcassets */ = {isa = PBXFileReference; lastKnownFileType = folder.assetcatalog; path = Assets.xcassets; sourceTree = "<group>"; };
		90C398D61DD6CA6300EFDD6E /* Info.plist */ = {isa = PBXFileReference; lastKnownFileType = text.plist.xml; path = Info.plist; sourceTree = "<group>"; };
		90C398DB1DD6CA6300EFDD6E /* Meet CMB TeamTests.xctest */ = {isa = PBXFileReference; explicitFileType = wrapper.cfbundle; includeInIndex = 0; path = "Meet CMB TeamTests.xctest"; sourceTree = BUILT_PRODUCTS_DIR; };
		90C398DF1DD6CA6300EFDD6E /* Meet_CMB_TeamTests.m */ = {isa = PBXFileReference; lastKnownFileType = sourcecode.c.objc; path = Meet_CMB_TeamTests.m; sourceTree = "<group>"; };
		90C398E11DD6CA6300EFDD6E /* Info.plist */ = {isa = PBXFileReference; lastKnownFileType = text.plist.xml; path = Info.plist; sourceTree = "<group>"; };
		90C398E61DD6CA6300EFDD6E /* Meet CMB TeamUITests.xctest */ = {isa = PBXFileReference; explicitFileType = wrapper.cfbundle; includeInIndex = 0; path = "Meet CMB TeamUITests.xctest"; sourceTree = BUILT_PRODUCTS_DIR; };
		90C398EA1DD6CA6300EFDD6E /* Meet_CMB_TeamUITests.m */ = {isa = PBXFileReference; lastKnownFileType = sourcecode.c.objc; path = Meet_CMB_TeamUITests.m; sourceTree = "<group>"; };
		90C398EC1DD6CA6300EFDD6E /* Info.plist */ = {isa = PBXFileReference; lastKnownFileType = text.plist.xml; path = Info.plist; sourceTree = "<group>"; };
		90C398F81DD6CD3900EFDD6E /* team.json */ = {isa = PBXFileReference; fileEncoding = 4; lastKnownFileType = text.json; path = team.json; sourceTree = "<group>"; };
		90C398FA1DD6CFFD00EFDD6E /* Launch Screen.storyboard */ = {isa = PBXFileReference; fileEncoding = 4; lastKnownFileType = file.storyboard; path = "Launch Screen.storyboard"; sourceTree = "<group>"; };
		90C398FC1DD6D0AC00EFDD6E /* MembersViewController.h */ = {isa = PBXFileReference; fileEncoding = 4; lastKnownFileType = sourcecode.c.h; path = MembersViewController.h; sourceTree = "<group>"; };
		90C398FD1DD6D0AC00EFDD6E /* MembersViewController.m */ = {isa = PBXFileReference; fileEncoding = 4; lastKnownFileType = sourcecode.c.objc; path = MembersViewController.m; sourceTree = "<group>"; };
		90C398FF1DD6D85700EFDD6E /* coffee-logos.png */ = {isa = PBXFileReference; lastKnownFileType = image.png; path = "coffee-logos.png"; sourceTree = "<group>"; };
		90C399011DD6DF9D00EFDD6E /* DetailViewController.h */ = {isa = PBXFileReference; fileEncoding = 4; lastKnownFileType = sourcecode.c.h; path = DetailViewController.h; sourceTree = "<group>"; };
		90C399021DD6DF9D00EFDD6E /* DetailViewController.m */ = {isa = PBXFileReference; fileEncoding = 4; lastKnownFileType = sourcecode.c.objc; path = DetailViewController.m; sourceTree = "<group>"; };
		90C399041DD6DFFC00EFDD6E /* MemberViewCell.h */ = {isa = PBXFileReference; fileEncoding = 4; lastKnownFileType = sourcecode.c.h; path = MemberViewCell.h; sourceTree = "<group>"; };
		90C399051DD6DFFC00EFDD6E /* MemberViewCell.m */ = {isa = PBXFileReference; fileEncoding = 4; lastKnownFileType = sourcecode.c.objc; path = MemberViewCell.m; sourceTree = "<group>"; };
/* End PBXFileReference section */

/* Begin PBXFrameworksBuildPhase section */
		90C398BF1DD6CA6300EFDD6E /* Frameworks */ = {
			isa = PBXFrameworksBuildPhase;
			buildActionMask = 2147483647;
			files = (
			);
			runOnlyForDeploymentPostprocessing = 0;
		};
		90C398D81DD6CA6300EFDD6E /* Frameworks */ = {
			isa = PBXFrameworksBuildPhase;
			buildActionMask = 2147483647;
			files = (
			);
			runOnlyForDeploymentPostprocessing = 0;
		};
		90C398E31DD6CA6300EFDD6E /* Frameworks */ = {
			isa = PBXFrameworksBuildPhase;
			buildActionMask = 2147483647;
			files = (
			);
			runOnlyForDeploymentPostprocessing = 0;
		};
/* End PBXFrameworksBuildPhase section */

/* Begin PBXGroup section */
		90C398B91DD6CA6200EFDD6E = {
			isa = PBXGroup;
			children = (
				90C398C41DD6CA6300EFDD6E /* Meet CMB Team */,
				90C398DE1DD6CA6300EFDD6E /* Meet CMB TeamTests */,
				90C398E91DD6CA6300EFDD6E /* Meet CMB TeamUITests */,
				90C398C31DD6CA6300EFDD6E /* Products */,
			);
			sourceTree = "<group>";
		};
		90C398C31DD6CA6300EFDD6E /* Products */ = {
			isa = PBXGroup;
			children = (
				90C398C21DD6CA6300EFDD6E /* Meet CMB Team.app */,
				90C398DB1DD6CA6300EFDD6E /* Meet CMB TeamTests.xctest */,
				90C398E61DD6CA6300EFDD6E /* Meet CMB TeamUITests.xctest */,
			);
			name = Products;
			sourceTree = "<group>";
		};
		90C398C41DD6CA6300EFDD6E /* Meet CMB Team */ = {
			isa = PBXGroup;
			children = (
				90C398FF1DD6D85700EFDD6E /* coffee-logos.png */,
				90C398F81DD6CD3900EFDD6E /* team.json */,
				90C398C81DD6CA6300EFDD6E /* AppDelegate.h */,
				90C398C91DD6CA6300EFDD6E /* AppDelegate.m */,
				90C398D11DD6CA6300EFDD6E /* Assets.xcassets */,
				90C398D61DD6CA6300EFDD6E /* Info.plist */,
				90C398C51DD6CA6300EFDD6E /* Supporting Files */,
				90C398FA1DD6CFFD00EFDD6E /* Launch Screen.storyboard */,
				90C398FC1DD6D0AC00EFDD6E /* MembersViewController.h */,
				90C398FD1DD6D0AC00EFDD6E /* MembersViewController.m */,
				90C399011DD6DF9D00EFDD6E /* DetailViewController.h */,
				90C399021DD6DF9D00EFDD6E /* DetailViewController.m */,
				90C399041DD6DFFC00EFDD6E /* MemberViewCell.h */,
				90C399051DD6DFFC00EFDD6E /* MemberViewCell.m */,
			);
			path = "Meet CMB Team";
			sourceTree = "<group>";
		};
		90C398C51DD6CA6300EFDD6E /* Supporting Files */ = {
			isa = PBXGroup;
			children = (
				90C398C61DD6CA6300EFDD6E /* main.m */,
			);
			name = "Supporting Files";
			sourceTree = "<group>";
		};
		90C398DE1DD6CA6300EFDD6E /* Meet CMB TeamTests */ = {
			isa = PBXGroup;
			children = (
				90C398DF1DD6CA6300EFDD6E /* Meet_CMB_TeamTests.m */,
				90C398E11DD6CA6300EFDD6E /* Info.plist */,
			);
			path = "Meet CMB TeamTests";
			sourceTree = "<group>";
		};
		90C398E91DD6CA6300EFDD6E /* Meet CMB TeamUITests */ = {
			isa = PBXGroup;
			children = (
				90C398EA1DD6CA6300EFDD6E /* Meet_CMB_TeamUITests.m */,
				90C398EC1DD6CA6300EFDD6E /* Info.plist */,
			);
			path = "Meet CMB TeamUITests";
			sourceTree = "<group>";
		};
/* End PBXGroup section */

/* Begin PBXNativeTarget section */
		90C398C11DD6CA6300EFDD6E /* Meet CMB Team */ = {
			isa = PBXNativeTarget;
			buildConfigurationList = 90C398EF1DD6CA6300EFDD6E /* Build configuration list for PBXNativeTarget "Meet CMB Team" */;
			buildPhases = (
				90C398BE1DD6CA6300EFDD6E /* Sources */,
				90C398BF1DD6CA6300EFDD6E /* Frameworks */,
				90C398C01DD6CA6300EFDD6E /* Resources */,
			);
			buildRules = (
			);
			dependencies = (
			);
			name = "Meet CMB Team";
			productName = "Meet CMB Team";
			productReference = 90C398C21DD6CA6300EFDD6E /* Meet CMB Team.app */;
			productType = "com.apple.product-type.application";
		};
		90C398DA1DD6CA6300EFDD6E /* Meet CMB TeamTests */ = {
			isa = PBXNativeTarget;
			buildConfigurationList = 90C398F21DD6CA6300EFDD6E /* Build configuration list for PBXNativeTarget "Meet CMB TeamTests" */;
			buildPhases = (
				90C398D71DD6CA6300EFDD6E /* Sources */,
				90C398D81DD6CA6300EFDD6E /* Frameworks */,
				90C398D91DD6CA6300EFDD6E /* Resources */,
			);
			buildRules = (
			);
			dependencies = (
				90C398DD1DD6CA6300EFDD6E /* PBXTargetDependency */,
			);
			name = "Meet CMB TeamTests";
			productName = "Meet CMB TeamTests";
			productReference = 90C398DB1DD6CA6300EFDD6E /* Meet CMB TeamTests.xctest */;
			productType = "com.apple.product-type.bundle.unit-test";
		};
		90C398E51DD6CA6300EFDD6E /* Meet CMB TeamUITests */ = {
			isa = PBXNativeTarget;
			buildConfigurationList = 90C398F51DD6CA6300EFDD6E /* Build configuration list for PBXNativeTarget "Meet CMB TeamUITests" */;
			buildPhases = (
				90C398E21DD6CA6300EFDD6E /* Sources */,
				90C398E31DD6CA6300EFDD6E /* Frameworks */,
				90C398E41DD6CA6300EFDD6E /* Resources */,
			);
			buildRules = (
			);
			dependencies = (
				90C398E81DD6CA6300EFDD6E /* PBXTargetDependency */,
			);
			name = "Meet CMB TeamUITests";
			productName = "Meet CMB TeamUITests";
			productReference = 90C398E61DD6CA6300EFDD6E /* Meet CMB TeamUITests.xctest */;
			productType = "com.apple.product-type.bundle.ui-testing";
		};
/* End PBXNativeTarget section */

/* Begin PBXProject section */
		90C398BA1DD6CA6300EFDD6E /* Project object */ = {
			isa = PBXProject;
			attributes = {
				LastUpgradeCheck = 0810;
				ORGANIZATIONNAME = "Mingyuan Wang";
				TargetAttributes = {
					90C398C11DD6CA6300EFDD6E = {
						CreatedOnToolsVersion = 8.1;
						DevelopmentTeam = VEUGRV3R3C;
						ProvisioningStyle = Automatic;
					};
					90C398DA1DD6CA6300EFDD6E = {
						CreatedOnToolsVersion = 8.1;
						DevelopmentTeam = VEUGRV3R3C;
						ProvisioningStyle = Automatic;
						TestTargetID = 90C398C11DD6CA6300EFDD6E;
					};
					90C398E51DD6CA6300EFDD6E = {
						CreatedOnToolsVersion = 8.1;
						DevelopmentTeam = VEUGRV3R3C;
						ProvisioningStyle = Automatic;
						TestTargetID = 90C398C11DD6CA6300EFDD6E;
					};
				};
			};
			buildConfigurationList = 90C398BD1DD6CA6300EFDD6E /* Build configuration list for PBXProject "Meet CMB Team" */;
			compatibilityVersion = "Xcode 3.2";
			developmentRegion = English;
			hasScannedForEncodings = 0;
			knownRegions = (
				en,
				Base,
			);
			mainGroup = 90C398B91DD6CA6200EFDD6E;
			productRefGroup = 90C398C31DD6CA6300EFDD6E /* Products */;
			projectDirPath = "";
			projectRoot = "";
			targets = (
				90C398C11DD6CA6300EFDD6E /* Meet CMB Team */,
				90C398DA1DD6CA6300EFDD6E /* Meet CMB TeamTests */,
				90C398E51DD6CA6300EFDD6E /* Meet CMB TeamUITests */,
			);
		};
/* End PBXProject section */

/* Begin PBXResourcesBuildPhase section */
		90C398C01DD6CA6300EFDD6E /* Resources */ = {
			isa = PBXResourcesBuildPhase;
			buildActionMask = 2147483647;
			files = (
				90C399001DD6D85700EFDD6E /* coffee-logos.png in Resources */,
				90C398FB1DD6CFFD00EFDD6E /* Launch Screen.storyboard in Resources */,
				90C398F91DD6CD3900EFDD6E /* team.json in Resources */,
				90C398D21DD6CA6300EFDD6E /* Assets.xcassets in Resources */,
			);
			runOnlyForDeploymentPostprocessing = 0;
		};
		90C398D91DD6CA6300EFDD6E /* Resources */ = {
			isa = PBXResourcesBuildPhase;
			buildActionMask = 2147483647;
			files = (
			);
			runOnlyForDeploymentPostprocessing = 0;
		};
		90C398E41DD6CA6300EFDD6E /* Resources */ = {
			isa = PBXResourcesBuildPhase;
			buildActionMask = 2147483647;
			files = (
			);
			runOnlyForDeploymentPostprocessing = 0;
		};
/* End PBXResourcesBuildPhase section */

/* Begin PBXSourcesBuildPhase section */
		90C398BE1DD6CA6300EFDD6E /* Sources */ = {
			isa = PBXSourcesBuildPhase;
			buildActionMask = 2147483647;
			files = (
				90C398FE1DD6D0AC00EFDD6E /* MembersViewController.m in Sources */,
				90C398CA1DD6CA6300EFDD6E /* AppDelegate.m in Sources */,
				90C398C71DD6CA6300EFDD6E /* main.m in Sources */,
				90C399061DD6DFFC00EFDD6E /* MemberViewCell.m in Sources */,
				90C399031DD6DF9D00EFDD6E /* DetailViewController.m in Sources */,
			);
			runOnlyForDeploymentPostprocessing = 0;
		};
		90C398D71DD6CA6300EFDD6E /* Sources */ = {
			isa = PBXSourcesBuildPhase;
			buildActionMask = 2147483647;
			files = (
				90C398E01DD6CA6300EFDD6E /* Meet_CMB_TeamTests.m in Sources */,
			);
			runOnlyForDeploymentPostprocessing = 0;
		};
		90C398E21DD6CA6300EFDD6E /* Sources */ = {
			isa = PBXSourcesBuildPhase;
			buildActionMask = 2147483647;
			files = (
				90C398EB1DD6CA6300EFDD6E /* Meet_CMB_TeamUITests.m in Sources */,
			);
			runOnlyForDeploymentPostprocessing = 0;
		};
/* End PBXSourcesBuildPhase section */

/* Begin PBXTargetDependency section */
		90C398DD1DD6CA6300EFDD6E /* PBXTargetDependency */ = {
			isa = PBXTargetDependency;
			target = 90C398C11DD6CA6300EFDD6E /* Meet CMB Team */;
			targetProxy = 90C398DC1DD6CA6300EFDD6E /* PBXContainerItemProxy */;
		};
		90C398E81DD6CA6300EFDD6E /* PBXTargetDependency */ = {
			isa = PBXTargetDependency;
			target = 90C398C11DD6CA6300EFDD6E /* Meet CMB Team */;
			targetProxy = 90C398E71DD6CA6300EFDD6E /* PBXContainerItemProxy */;
		};
/* End PBXTargetDependency section */

/* Begin XCBuildConfiguration section */
		90C398ED1DD6CA6300EFDD6E /* Debug */ = {
			isa = XCBuildConfiguration;
			buildSettings = {
				ALWAYS_SEARCH_USER_PATHS = NO;
				CLANG_ANALYZER_NONNULL = YES;
				CLANG_CXX_LANGUAGE_STANDARD = "gnu++0x";
				CLANG_CXX_LIBRARY = "libc++";
				CLANG_ENABLE_MODULES = YES;
				CLANG_ENABLE_OBJC_ARC = YES;
				CLANG_WARN_BOOL_CONVERSION = YES;
				CLANG_WARN_CONSTANT_CONVERSION = YES;
				CLANG_WARN_DIRECT_OBJC_ISA_USAGE = YES_ERROR;
				CLANG_WARN_DOCUMENTATION_COMMENTS = YES;
				CLANG_WARN_EMPTY_BODY = YES;
				CLANG_WARN_ENUM_CONVERSION = YES;
				CLANG_WARN_INFINITE_RECURSION = YES;
				CLANG_WARN_INT_CONVERSION = YES;
				CLANG_WARN_OBJC_ROOT_CLASS = YES_ERROR;
				CLANG_WARN_SUSPICIOUS_MOVES = YES;
				CLANG_WARN_UNREACHABLE_CODE = YES;
				CLANG_WARN__DUPLICATE_METHOD_MATCH = YES;
				"CODE_SIGN_IDENTITY[sdk=iphoneos*]" = "iPhone Developer";
				COPY_PHASE_STRIP = NO;
				DEBUG_INFORMATION_FORMAT = dwarf;
				ENABLE_STRICT_OBJC_MSGSEND = YES;
				ENABLE_TESTABILITY = YES;
				GCC_C_LANGUAGE_STANDARD = gnu99;
				GCC_DYNAMIC_NO_PIC = NO;
				GCC_NO_COMMON_BLOCKS = YES;
				GCC_OPTIMIZATION_LEVEL = 0;
				GCC_PREPROCESSOR_DEFINITIONS = (
					"DEBUG=1",
					"$(inherited)",
				);
				GCC_WARN_64_TO_32_BIT_CONVERSION = YES;
				GCC_WARN_ABOUT_RETURN_TYPE = YES_ERROR;
				GCC_WARN_UNDECLARED_SELECTOR = YES;
				GCC_WARN_UNINITIALIZED_AUTOS = YES_AGGRESSIVE;
				GCC_WARN_UNUSED_FUNCTION = YES;
				GCC_WARN_UNUSED_VARIABLE = YES;
				IPHONEOS_DEPLOYMENT_TARGET = 9.3;
				MTL_ENABLE_DEBUG_INFO = YES;
				ONLY_ACTIVE_ARCH = YES;
				SDKROOT = iphoneos;
			};
			name = Debug;
		};
		90C398EE1DD6CA6300EFDD6E /* Release */ = {
			isa = XCBuildConfiguration;
			buildSettings = {
				ALWAYS_SEARCH_USER_PATHS = NO;
				CLANG_ANALYZER_NONNULL = YES;
				CLANG_CXX_LANGUAGE_STANDARD = "gnu++0x";
				CLANG_CXX_LIBRARY = "libc++";
				CLANG_ENABLE_MODULES = YES;
				CLANG_ENABLE_OBJC_ARC = YES;
				CLANG_WARN_BOOL_CONVERSION = YES;
				CLANG_WARN_CONSTANT_CONVERSION = YES;
				CLANG_WARN_DIRECT_OBJC_ISA_USAGE = YES_ERROR;
				CLANG_WARN_DOCUMENTATION_COMMENTS = YES;
				CLANG_WARN_EMPTY_BODY = YES;
				CLANG_WARN_ENUM_CONVERSION = YES;
				CLANG_WARN_INFINITE_RECURSION = YES;
				CLANG_WARN_INT_CONVERSION = YES;
				CLANG_WARN_OBJC_ROOT_CLASS = YES_ERROR;
				CLANG_WARN_SUSPICIOUS_MOVES = YES;
				CLANG_WARN_UNREACHABLE_CODE = YES;
				CLANG_WARN__DUPLICATE_METHOD_MATCH = YES;
				"CODE_SIGN_IDENTITY[sdk=iphoneos*]" = "iPhone Developer";
				COPY_PHASE_STRIP = NO;
				DEBUG_INFORMATION_FORMAT = "dwarf-with-dsym";
				ENABLE_NS_ASSERTIONS = NO;
				ENABLE_STRICT_OBJC_MSGSEND = YES;
				GCC_C_LANGUAGE_STANDARD = gnu99;
				GCC_NO_COMMON_BLOCKS = YES;
				GCC_WARN_64_TO_32_BIT_CONVERSION = YES;
				GCC_WARN_ABOUT_RETURN_TYPE = YES_ERROR;
				GCC_WARN_UNDECLARED_SELECTOR = YES;
				GCC_WARN_UNINITIALIZED_AUTOS = YES_AGGRESSIVE;
				GCC_WARN_UNUSED_FUNCTION = YES;
				GCC_WARN_UNUSED_VARIABLE = YES;
				IPHONEOS_DEPLOYMENT_TARGET = 9.3;
				MTL_ENABLE_DEBUG_INFO = NO;
				SDKROOT = iphoneos;
				VALIDATE_PRODUCT = YES;
			};
			name = Release;
		};
		90C398F01DD6CA6300EFDD6E /* Debug */ = {
			isa = XCBuildConfiguration;
			buildSettings = {
				ASSETCATALOG_COMPILER_APPICON_NAME = AppIcon;
				ASSETCATALOG_COMPILER_LAUNCHIMAGE_NAME = LaunchImage;
				DEVELOPMENT_TEAM = VEUGRV3R3C;
				INFOPLIST_FILE = "Meet CMB Team/Info.plist";
				LD_RUNPATH_SEARCH_PATHS = "$(inherited) @executable_path/Frameworks";
				PRODUCT_BUNDLE_IDENTIFIER = "com.cmb.Meet-CMB-Team";
				PRODUCT_NAME = "$(TARGET_NAME)";
			};
			name = Debug;
		};
		90C398F11DD6CA6300EFDD6E /* Release */ = {
			isa = XCBuildConfiguration;
			buildSettings = {
				ASSETCATALOG_COMPILER_APPICON_NAME = AppIcon;
				ASSETCATALOG_COMPILER_LAUNCHIMAGE_NAME = LaunchImage;
				DEVELOPMENT_TEAM = VEUGRV3R3C;
				INFOPLIST_FILE = "Meet CMB Team/Info.plist";
				LD_RUNPATH_SEARCH_PATHS = "$(inherited) @executable_path/Frameworks";
				PRODUCT_BUNDLE_IDENTIFIER = "com.cmb.Meet-CMB-Team";
				PRODUCT_NAME = "$(TARGET_NAME)";
			};
			name = Release;
		};
		90C398F31DD6CA6300EFDD6E /* Debug */ = {
			isa = XCBuildConfiguration;
			buildSettings = {
				BUNDLE_LOADER = "$(TEST_HOST)";
				DEVELOPMENT_TEAM = VEUGRV3R3C;
				INFOPLIST_FILE = "Meet CMB TeamTests/Info.plist";
				LD_RUNPATH_SEARCH_PATHS = "$(inherited) @executable_path/Frameworks @loader_path/Frameworks";
				PRODUCT_BUNDLE_IDENTIFIER = "com.cmb.Meet-CMB-TeamTests";
				PRODUCT_NAME = "$(TARGET_NAME)";
				TEST_HOST = "$(BUILT_PRODUCTS_DIR)/Meet CMB Team.app/Meet CMB Team";
			};
			name = Debug;
		};
		90C398F41DD6CA6300EFDD6E /* Release */ = {
			isa = XCBuildConfiguration;
			buildSettings = {
				BUNDLE_LOADER = "$(TEST_HOST)";
				DEVELOPMENT_TEAM = VEUGRV3R3C;
				INFOPLIST_FILE = "Meet CMB TeamTests/Info.plist";
				LD_RUNPATH_SEARCH_PATHS = "$(inherited) @executable_path/Frameworks @loader_path/Frameworks";
				PRODUCT_BUNDLE_IDENTIFIER = "com.cmb.Meet-CMB-TeamTests";
				PRODUCT_NAME = "$(TARGET_NAME)";
				TEST_HOST = "$(BUILT_PRODUCTS_DIR)/Meet CMB Team.app/Meet CMB Team";
			};
			name = Release;
		};
		90C398F61DD6CA6300EFDD6E /* Debug */ = {
			isa = XCBuildConfiguration;
			buildSettings = {
				DEVELOPMENT_TEAM = VEUGRV3R3C;
				INFOPLIST_FILE = "Meet CMB TeamUITests/Info.plist";
				LD_RUNPATH_SEARCH_PATHS = "$(inherited) @executable_path/Frameworks @loader_path/Frameworks";
				PRODUCT_BUNDLE_IDENTIFIER = "com.cmb.Meet-CMB-TeamUITests";
				PRODUCT_NAME = "$(TARGET_NAME)";
				TEST_TARGET_NAME = "Meet CMB Team";
			};
			name = Debug;
		};
		90C398F71DD6CA6300EFDD6E /* Release */ = {
			isa = XCBuildConfiguration;
			buildSettings = {
				DEVELOPMENT_TEAM = VEUGRV3R3C;
				INFOPLIST_FILE = "Meet CMB TeamUITests/Info.plist";
				LD_RUNPATH_SEARCH_PATHS = "$(inherited) @executable_path/Frameworks @loader_path/Frameworks";
				PRODUCT_BUNDLE_IDENTIFIER = "com.cmb.Meet-CMB-TeamUITests";
				PRODUCT_NAME = "$(TARGET_NAME)";
				TEST_TARGET_NAME = "Meet CMB Team";
			};
			name = Release;
		};
/* End XCBuildConfiguration section */

/* Begin XCConfigurationList section */
		90C398BD1DD6CA6300EFDD6E /* Build configuration list for PBXProject "Meet CMB Team" */ = {
			isa = XCConfigurationList;
			buildConfigurations = (
				90C398ED1DD6CA6300EFDD6E /* Debug */,
				90C398EE1DD6CA6300EFDD6E /* Release */,
			);
			defaultConfigurationIsVisible = 0;
			defaultConfigurationName = Release;
		};
		90C398EF1DD6CA6300EFDD6E /* Build configuration list for PBXNativeTarget "Meet CMB Team" */ = {
			isa = XCConfigurationList;
			buildConfigurations = (
				90C398F01DD6CA6300EFDD6E /* Debug */,
				90C398F11DD6CA6300EFDD6E /* Release */,
			);
			defaultConfigurationIsVisible = 0;
		};
		90C398F21DD6CA6300EFDD6E /* Build configuration list for PBXNativeTarget "Meet CMB TeamTests" */ = {
			isa = XCConfigurationList;
			buildConfigurations = (
				90C398F31DD6CA6300EFDD6E /* Debug */,
				90C398F41DD6CA6300EFDD6E /* Release */,
			);
			defaultConfigurationIsVisible = 0;
		};
		90C398F51DD6CA6300EFDD6E /* Build configuration list for PBXNativeTarget "Meet CMB TeamUITests" */ = {
			isa = XCConfigurationList;
			buildConfigurations = (
				90C398F61DD6CA6300EFDD6E /* Debug */,
				90C398F71DD6CA6300EFDD6E /* Release */,
			);
			defaultConfigurationIsVisible = 0;
		};
/* End XCConfigurationList section */
	};
	rootObject = 90C398BA1DD6CA6300EFDD6E /* Project object */;
}
